Microsoft Visual Studio Solution File, Format Version 12.00
# Visual Studio 15
VisualStudioVersion = 15.0.33529.398
MinimumVisualStudioVersion = 10.0.40219.1
Project("{FAE04EC0-301F-11D3-BF4B-00C04F79EFBC}") = "CMDInjector", "CMDInjector\CMDInjector.csproj", "{B78C393A-102A-4CF8-AE46-9B8DC7E7815C}"
EndProject
Project("{FAE04EC0-301F-11D3-BF4B-00C04F79EFBC}") = "CMDInjectorHelper", "CMDInjectorHelper\CMDInjectorHelper.csproj", "{95C98220-9F5E-4E9F-9665-08B883FED883}"
EndProject
Project("{FAE04EC0-301F-11D3-BF4B-00C04F79EFBC}") = "BackgroundTasks", "BackgroundTasks\BackgroundTasks.csproj", "{EF1D61EE-9E37-4D24-95CF-90CC15579E29}"
EndProject
Global
	GlobalSection(SolutionConfigurationPlatforms) = preSolution
		Debug|Any CPU = Debug|Any CPU
		Debug|ARM = Debug|ARM
		Debug|ARM64 = Debug|ARM64
		Debug|x64 = Debug|x64
		Debug|x86 = Debug|x86
		Release|Any CPU = Release|Any CPU
		Release|ARM = Release|ARM
		Release|ARM64 = Release|ARM64
		Release|x64 = Release|x64
		Release|x86 = Release|x86
	EndGlobalSection
	GlobalSection(ProjectConfigurationPlatforms) = postSolution
		{B78C393A-102A-4CF8-AE46-9B8DC7E7815C}.Debug|Any CPU.ActiveCfg = Debug|x86
		{B78C393A-102A-4CF8-AE46-9B8DC7E7815C}.Debug|ARM.ActiveCfg = Debug|ARM
		{B78C393A-102A-4CF8-AE46-9B8DC7E7815C}.Debug|ARM.Build.0 = Debug|ARM
		{B78C393A-102A-4CF8-AE46-9B8DC7E7815C}.Debug|ARM.Deploy.0 = Debug|ARM
		{B78C393A-102A-4CF8-AE46-9B8DC7E7815C}.Debug|ARM64.ActiveCfg = Debug|ARM64
		{B78C393A-102A-4CF8-AE46-9B8DC7E7815C}.Debug|ARM64.Build.0 = Debug|ARM64
		{B78C393A-102A-4CF8-AE46-9B8DC7E7815C}.Debug|ARM64.Deploy.0 = Debug|ARM64
		{B78C393A-102A-4CF8-AE46-9B8DC7E7815C}.Debug|x64.ActiveCfg = Debug|x64
		{B78C393A-102A-4CF8-AE46-9B8DC7E7815C}.Debug|x64.Build.0 = Debug|x64
		{B78C393A-102A-4CF8-AE46-9B8DC7E7815C}.Debug|x64.Deploy.0 = Debug|x64
		{B78C393A-102A-4CF8-AE46-9B8DC7E7815C}.Debug|x86.ActiveCfg = Debug|x86
		{B78C393A-102A-4CF8-AE46-9B8DC7E7815C}.Debug|x86.Build.0 = Debug|x86
		{B78C393A-102A-4CF8-AE46-9B8DC7E7815C}.Debug|x86.Deploy.0 = Debug|x86
		{B78C393A-102A-4CF8-AE46-9B8DC7E7815C}.Release|Any CPU.ActiveCfg = Release|x86
		{B78C393A-102A-4CF8-AE46-9B8DC7E7815C}.Release|ARM.ActiveCfg = Release|ARM
		{B78C393A-102A-4CF8-AE46-9B8DC7E7815C}.Release|ARM.Build.0 = Release|ARM
		{B78C393A-102A-4CF8-AE46-9B8DC7E7815C}.Release|ARM.Deploy.0 = Release|ARM
		{B78C393A-102A-4CF8-AE46-9B8DC7E7815C}.Release|ARM64.ActiveCfg = Release|ARM64
		{B78C393A-102A-4CF8-AE46-9B8DC7E7815C}.Release|ARM64.Build.0 = Release|ARM64
		{B78C393A-102A-4CF8-AE46-9B8DC7E7815C}.Release|ARM64.Deploy.0 = Release|ARM64
		{B78C393A-102A-4CF8-AE46-9B8DC7E7815C}.Release|x64.ActiveCfg = Release|x64
		{B78C393A-102A-4CF8-AE46-9B8DC7E7815C}.Release|x64.Build.0 = Release|x64
		{B78C393A-102A-4CF8-AE46-9B8DC7E7815C}.Release|x64.Deploy.0 = Release|x64
		{B78C393A-102A-4CF8-AE46-9B8DC7E7815C}.Release|x86.ActiveCfg = Release|x86
		{B78C393A-102A-4CF8-AE46-9B8DC7E7815C}.Release|x86.Build.0 = Release|x86
		{B78C393A-102A-4CF8-AE46-9B8DC7E7815C}.Release|x86.Deploy.0 = Release|x86
		{95C98220-9F5E-4E9F-9665-08B883FED883}.Debug|Any CPU.ActiveCfg = Debug|Any CPU
		{95C98220-9F5E-4E9F-9665-08B883FED883}.Debug|Any CPU.Build.0 = Debug|Any CPU
		{95C98220-9F5E-4E9F-9665-08B883FED883}.Debug|ARM.ActiveCfg = Debug|ARM
		{95C98220-9F5E-4E9F-9665-08B883FED883}.Debug|ARM.Build.0 = Debug|ARM
		{95C98220-9F5E-4E9F-9665-08B883FED883}.Debug|ARM64.ActiveCfg = Debug|ARM64
		{95C98220-9F5E-4E9F-9665-08B883FED883}.Debug|ARM64.Build.0 = Debug|ARM64
		{95C98220-9F5E-4E9F-9665-08B883FED883}.Debug|x64.ActiveCfg = Debug|x64
		{95C98220-9F5E-4E9F-9665-08B883FED883}.Debug|x64.Build.0 = Debug|x64
		{95C98220-9F5E-4E9F-9665-08B883FED883}.Debug|x86.ActiveCfg = Debug|x86
		{95C98220-9F5E-4E9F-9665-08B883FED883}.Debug|x86.Build.0 = Debug|x86
		{95C98220-9F5E-4E9F-9665-08B883FED883}.Release|Any CPU.ActiveCfg = Release|Any CPU
		{95C98220-9F5E-4E9F-9665-08B883FED883}.Release|Any CPU.Build.0 = Release|Any CPU
		{95C98220-9F5E-4E9F-9665-08B883FED883}.Release|ARM.ActiveCfg = Release|ARM
		{95C98220-9F5E-4E9F-9665-08B883FED883}.Release|ARM.Build.0 = Release|ARM
		{95C98220-9F5E-4E9F-9665-08B883FED883}.Release|ARM64.ActiveCfg = Release|ARM64
		{95C98220-9F5E-4E9F-9665-08B883FED883}.Release|ARM64.Build.0 = Release|ARM64
		{95C98220-9F5E-4E9F-9665-08B883FED883}.Release|x64.ActiveCfg = Release|x64
		{95C98220-9F5E-4E9F-9665-08B883FED883}.Release|x64.Build.0 = Release|x64
		{95C98220-9F5E-4E9F-9665-08B883FED883}.Release|x86.ActiveCfg = Release|x86
		{95C98220-9F5E-4E9F-9665-08B883FED883}.Release|x86.Build.0 = Release|x86
		{EF1D61EE-9E37-4D24-95CF-90CC15579E29}.Debug|Any CPU.ActiveCfg = Debug|Any CPU
		{EF1D61EE-9E37-4D24-95CF-90CC15579E29}.Debug|Any CPU.Build.0 = Debug|Any CPU
		{EF1D61EE-9E37-4D24-95CF-90CC15579E29}.Debug|ARM.ActiveCfg = Debug|ARM
		{EF1D61EE-9E37-4D24-95CF-90CC15579E29}.Debug|ARM.Build.0 = Debug|ARM
		{EF1D61EE-9E37-4D24-95CF-90CC15579E29}.Debug|ARM64.ActiveCfg = Debug|ARM64
		{EF1D61EE-9E37-4D24-95CF-90CC15579E29}.Debug|ARM64.Build.0 = Debug|ARM64
		{EF1D61EE-9E37-4D24-95CF-90CC15579E29}.Debug|x64.ActiveCfg = Debug|x64
		{EF1D61EE-9E37-4D24-95CF-90CC15579E29}.Debug|x64.Build.0 = Debug|x64
		{EF1D61EE-9E37-4D24-95CF-90CC15579E29}.Debug|x86.ActiveCfg = Debug|x86
		{EF1D61EE-9E37-4D24-95CF-90CC15579E29}.Debug|x86.Build.0 = Debug|x86
		{EF1D61EE-9E37-4D24-95CF-90CC15579E29}.Release|Any CPU.ActiveCfg = Release|Any CPU
		{EF1D61EE-9E37-4D24-95CF-90CC15579E29}.Release|Any CPU.Build.0 = Release|Any CPU
		{EF1D61EE-9E37-4D24-95CF-90CC15579E29}.Release|ARM.ActiveCfg = Release|ARM
		{EF1D61EE-9E37-4D24-95CF-90CC15579E29}.Release|ARM.Build.0 = Release|ARM
		{EF1D61EE-9E37-4D24-95CF-90CC15579E29}.Release|ARM64.ActiveCfg = Release|ARM64
		{EF1D61EE-9E37-4D24-95CF-90CC15579E29}.Release|ARM64.Build.0 = Release|ARM64
		{EF1D61EE-9E37-4D24-95CF-90CC15579E29}.Release|x64.ActiveCfg = Release|x64
		{EF1D61EE-9E37-4D24-95CF-90CC15579E29}.Release|x64.Build.0 = Release|x64
		{EF1D61EE-9E37-4D24-95CF-90CC15579E29}.Release|x86.ActiveCfg = Release|x86
		{EF1D61EE-9E37-4D24-95CF-90CC15579E29}.Release|x86.Build.0 = Release|x86
	EndGlobalSection
	GlobalSection(SolutionProperties) = preSolution
		HideSolutionNode = FALSE
	EndGlobalSection
	GlobalSection(ExtensibilityGlobals) = postSolution
		SolutionGuid = {D56F5B33-4F00-42F1-A15E-245E4DEF045D}
	EndGlobalSection
EndGlobal
